
Microsoft Visual Studio Solution File, Format Version 12.00
# Visual Studio 15
VisualStudioVersion = 15.0.28307.168
MinimumVisualStudioVersion = 10.0.40219.1
Project("{FAE04EC0-301F-11D3-BF4B-00C04F79EFBC}") = "LeagueOfLegends", "LeagueOfLegends\LeagueOfLegends.csproj", "{F7D4E20D-1238-4B43-A61C-FFD430BD5E4D}"
EndProject
Global
	GlobalSection(SolutionConfigurationPlatforms) = preSolution
		Debug|Any CPU = Debug|Any CPU
		Release|Any CPU = Release|Any CPU
	EndGlobalSection
	GlobalSection(ProjectConfigurationPlatforms) = postSolution
		{F7D4E20D-1238-4B43-A61C-FFD430BD5E4D}.Debug|Any CPU.ActiveCfg = Debug|Any CPU
		{F7D4E20D-1238-4B43-A61C-FFD430BD5E4D}.Debug|Any CPU.Build.0 = Debug|Any CPU
		{F7D4E20D-1238-4B43-A61C-FFD430BD5E4D}.Release|Any CPU.ActiveCfg = Release|Any CPU
		{F7D4E20D-1238-4B43-A61C-FFD430BD5E4D}.Release|Any CPU.Build.0 = Release|Any CPU
	EndGlobalSection
	GlobalSection(SolutionProperties) = preSolution
		HideSolutionNode = FALSE
	EndGlobalSection
	GlobalSection(ExtensibilityGlobals) = postSolution
		SolutionGuid = {DA05A7B8-4141-4B79-A94D-7F289C7AD8B6}
	EndGlobalSection
EndGlobal
